// !$*UTF8*$!
{
	archiveVersion = 1;
	classes = {
	};
	objectVersion = 77;
	objects = {

/* Begin PBXBuildFile section */
		7F657AC32D7AE7A1003E802B /* CarelyWatchOS Watch App.app in Embed Watch Content */ = {isa = PBXBuildFile; fileRef = 7F657AB62D7AE7A0003E802B /* CarelyWatchOS Watch App.app */; settings = {ATTRIBUTES = (RemoveHeadersOnCopy, ); }; };
		7FBC8B7D2D799AAE007A6123 /* FirebaseAnalytics in Frameworks */ = {isa = PBXBuildFile; productRef = 7FBC8B7C2D799AAE007A6123 /* FirebaseAnalytics */; };
		7FBC8B7F2D799AAE007A6123 /* FirebaseAnalyticsOnDeviceConversion in Frameworks */ = {isa = PBXBuildFile; productRef = 7FBC8B7E2D799AAE007A6123 /* FirebaseAnalyticsOnDeviceConversion */; };
		7FBC8B812D799AAE007A6123 /* FirebaseAnalyticsWithoutAdIdSupport in Frameworks */ = {isa = PBXBuildFile; productRef = 7FBC8B802D799AAE007A6123 /* FirebaseAnalyticsWithoutAdIdSupport */; };
		7FBC8B832D799AAE007A6123 /* FirebaseAppCheck in Frameworks */ = {isa = PBXBuildFile; productRef = 7FBC8B822D799AAE007A6123 /* FirebaseAppCheck */; };
		7FBC8B852D799AAE007A6123 /* FirebaseAppDistribution-Beta in Frameworks */ = {isa = PBXBuildFile; productRef = 7FBC8B842D799AAE007A6123 /* FirebaseAppDistribution-Beta */; };
		7FBC8B872D799D2B007A6123 /* FirebaseAuth in Frameworks */ = {isa = PBXBuildFile; productRef = 7FBC8B862D799D2B007A6123 /* FirebaseAuth */; };
		7FBC8B892D799D2B007A6123 /* FirebaseAuthCombine-Community in Frameworks */ = {isa = PBXBuildFile; productRef = 7FBC8B882D799D2B007A6123 /* FirebaseAuthCombine-Community */; };
		7FBC8B8B2D799D2B007A6123 /* FirebaseDatabase in Frameworks */ = {isa = PBXBuildFile; productRef = 7FBC8B8A2D799D2B007A6123 /* FirebaseDatabase */; };
/* End PBXBuildFile section */

/* Begin PBXContainerItemProxy section */
		7F657AC12D7AE7A1003E802B /* PBXContainerItemProxy */ = {
			isa = PBXContainerItemProxy;
			containerPortal = 7FBC8B312D7991B4007A6123 /* Project object */;
			proxyType = 1;
			remoteGlobalIDString = 7F657AB52D7AE7A0003E802B;
			remoteInfo = "CarelyWatchOS Watch App";
		};
/* End PBXContainerItemProxy section */

/* Begin PBXCopyFilesBuildPhase section */
		7F657AC72D7AE7A1003E802B /* Embed Watch Content */ = {
			isa = PBXCopyFilesBuildPhase;
			buildActionMask = 2147483647;
			dstPath = "$(CONTENTS_FOLDER_PATH)/Watch";
			dstSubfolderSpec = 16;
			files = (
				7F657AC32D7AE7A1003E802B /* CarelyWatchOS Watch App.app in Embed Watch Content */,
			);
			name = "Embed Watch Content";
			runOnlyForDeploymentPostprocessing = 0;
		};
/* End PBXCopyFilesBuildPhase section */

/* Begin PBXFileReference section */
		7F657AB62D7AE7A0003E802B /* CarelyWatchOS Watch App.app */ = {isa = PBXFileReference; explicitFileType = wrapper.application; includeInIndex = 0; path = "CarelyWatchOS Watch App.app"; sourceTree = BUILT_PRODUCTS_DIR; };
		7FBC8B392D7991B4007A6123 /* Carely.app */ = {isa = PBXFileReference; explicitFileType = wrapper.application; includeInIndex = 0; path = Carely.app; sourceTree = BUILT_PRODUCTS_DIR; };
/* End PBXFileReference section */

/* Begin PBXFileSystemSynchronizedBuildFileExceptionSet section */
		7FBC8B782D799722007A6123 /* Exceptions for "Carely" folder in "Carely" target */ = {
			isa = PBXFileSystemSynchronizedBuildFileExceptionSet;
			membershipExceptions = (
				Info.plist,
			);
			target = 7FBC8B382D7991B4007A6123 /* Carely */;
		};
/* End PBXFileSystemSynchronizedBuildFileExceptionSet section */

/* Begin PBXFileSystemSynchronizedRootGroup section */
		7F657AB72D7AE7A0003E802B /* CarelyWatchOS Watch App */ = {
			isa = PBXFileSystemSynchronizedRootGroup;
			path = "CarelyWatchOS Watch App";
			sourceTree = "<group>";
		};
		7FBC8B3B2D7991B4007A6123 /* Carely */ = {
			isa = PBXFileSystemSynchronizedRootGroup;
			exceptions = (
				7FBC8B782D799722007A6123 /* Exceptions for "Carely" folder in "Carely" target */,
			);
			path = Carely;
			sourceTree = "<group>";
		};
/* End PBXFileSystemSynchronizedRootGroup section */

/* Begin PBXFrameworksBuildPhase section */
		7F657AB32D7AE7A0003E802B /* Frameworks */ = {
			isa = PBXFrameworksBuildPhase;
			buildActionMask = 2147483647;
			files = (
			);
			runOnlyForDeploymentPostprocessing = 0;
		};
		7FBC8B362D7991B4007A6123 /* Frameworks */ = {
			isa = PBXFrameworksBuildPhase;
			buildActionMask = 2147483647;
			files = (
				7FBC8B832D799AAE007A6123 /* FirebaseAppCheck in Frameworks */,
				7FBC8B872D799D2B007A6123 /* FirebaseAuth in Frameworks */,
				7FBC8B7D2D799AAE007A6123 /* FirebaseAnalytics in Frameworks */,
				7FBC8B852D799AAE007A6123 /* FirebaseAppDistribution-Beta in Frameworks */,
				7FBC8B812D799AAE007A6123 /* FirebaseAnalyticsWithoutAdIdSupport in Frameworks */,
				7FBC8B892D799D2B007A6123 /* FirebaseAuthCombine-Community in Frameworks */,
				7FBC8B8B2D799D2B007A6123 /* FirebaseDatabase in Frameworks */,
				7FBC8B7F2D799AAE007A6123 /* FirebaseAnalyticsOnDeviceConversion in Frameworks */,
			);
			runOnlyForDeploymentPostprocessing = 0;
		};
/* End PBXFrameworksBuildPhase section */

/* Begin PBXGroup section */
		7FBC8B302D7991B4007A6123 = {
			isa = PBXGroup;
			children = (
				7FBC8B3B2D7991B4007A6123 /* Carely */,
				7F657AB72D7AE7A0003E802B /* CarelyWatchOS Watch App */,
				7FBC8B3A2D7991B4007A6123 /* Products */,
			);
			sourceTree = "<group>";
		};
		7FBC8B3A2D7991B4007A6123 /* Products */ = {
			isa = PBXGroup;
			children = (
				7FBC8B392D7991B4007A6123 /* Carely.app */,
				7F657AB62D7AE7A0003E802B /* CarelyWatchOS Watch App.app */,
			);
			name = Products;
			sourceTree = "<group>";
		};
/* End PBXGroup section */

/* Begin PBXNativeTarget section */
		7F657AB52D7AE7A0003E802B /* CarelyWatchOS Watch App */ = {
			isa = PBXNativeTarget;
			buildConfigurationList = 7F657AC42D7AE7A1003E802B /* Build configuration list for PBXNativeTarget "CarelyWatchOS Watch App" */;
			buildPhases = (
				7F657AB22D7AE7A0003E802B /* Sources */,
				7F657AB32D7AE7A0003E802B /* Frameworks */,
				7F657AB42D7AE7A0003E802B /* Resources */,
			);
			buildRules = (
			);
			dependencies = (
			);
			fileSystemSynchronizedGroups = (
				7F657AB72D7AE7A0003E802B /* CarelyWatchOS Watch App */,
			);
			name = "CarelyWatchOS Watch App";
			packageProductDependencies = (
			);
			productName = "CarelyWatchOS Watch App";
			productReference = 7F657AB62D7AE7A0003E802B /* CarelyWatchOS Watch App.app */;
			productType = "com.apple.product-type.application";
		};
		7FBC8B382D7991B4007A6123 /* Carely */ = {
			isa = PBXNativeTarget;
			buildConfigurationList = 7FBC8B472D7991B5007A6123 /* Build configuration list for PBXNativeTarget "Carely" */;
			buildPhases = (
				7FBC8B352D7991B4007A6123 /* Sources */,
				7FBC8B362D7991B4007A6123 /* Frameworks */,
				7FBC8B372D7991B4007A6123 /* Resources */,
				7F657AC72D7AE7A1003E802B /* Embed Watch Content */,
			);
			buildRules = (
			);
			dependencies = (
				7F657AC22D7AE7A1003E802B /* PBXTargetDependency */,
			);
			fileSystemSynchronizedGroups = (
				7FBC8B3B2D7991B4007A6123 /* Carely */,
			);
			name = Carely;
			packageProductDependencies = (
				7FBC8B7C2D799AAE007A6123 /* FirebaseAnalytics */,
				7FBC8B7E2D799AAE007A6123 /* FirebaseAnalyticsOnDeviceConversion */,
				7FBC8B802D799AAE007A6123 /* FirebaseAnalyticsWithoutAdIdSupport */,
				7FBC8B822D799AAE007A6123 /* FirebaseAppCheck */,
				7FBC8B842D799AAE007A6123 /* FirebaseAppDistribution-Beta */,
				7FBC8B862D799D2B007A6123 /* FirebaseAuth */,
				7FBC8B882D799D2B007A6123 /* FirebaseAuthCombine-Community */,
				7FBC8B8A2D799D2B007A6123 /* FirebaseDatabase */,
			);
			productName = Carely;
			productReference = 7FBC8B392D7991B4007A6123 /* Carely.app */;
			productType = "com.apple.product-type.application";
		};
/* End PBXNativeTarget section */

/* Begin PBXProject section */
		7FBC8B312D7991B4007A6123 /* Project object */ = {
			isa = PBXProject;
			attributes = {
				BuildIndependentTargetsInParallel = 1;
				LastSwiftUpdateCheck = 1620;
				LastUpgradeCheck = 1620;
				TargetAttributes = {
					7F657AB52D7AE7A0003E802B = {
						CreatedOnToolsVersion = 16.2;
					};
					7FBC8B382D7991B4007A6123 = {
						CreatedOnToolsVersion = 16.2;
					};
				};
			};
			buildConfigurationList = 7FBC8B342D7991B4007A6123 /* Build configuration list for PBXProject "Carely" */;
			developmentRegion = en;
			hasScannedForEncodings = 0;
			knownRegions = (
				en,
				Base,
			);
			mainGroup = 7FBC8B302D7991B4007A6123;
			minimizedProjectReferenceProxies = 1;
			packageReferences = (
				7FBC8B7B2D799AAE007A6123 /* XCRemoteSwiftPackageReference "firebase-ios-sdk" */,
			);
			preferredProjectObjectVersion = 77;
			productRefGroup = 7FBC8B3A2D7991B4007A6123 /* Products */;
			projectDirPath = "";
			projectRoot = "";
			targets = (
				7FBC8B382D7991B4007A6123 /* Carely */,
				7F657AB52D7AE7A0003E802B /* CarelyWatchOS Watch App */,
			);
		};
/* End PBXProject section */

/* Begin PBXResourcesBuildPhase section */
		7F657AB42D7AE7A0003E802B /* Resources */ = {
			isa = PBXResourcesBuildPhase;
			buildActionMask = 2147483647;
			files = (
			);
			runOnlyForDeploymentPostprocessing = 0;
		};
		7FBC8B372D7991B4007A6123 /* Resources */ = {
			isa = PBXResourcesBuildPhase;
			buildActionMask = 2147483647;
			files = (
			);
			runOnlyForDeploymentPostprocessing = 0;
		};
/* End PBXResourcesBuildPhase section */

/* Begin PBXSourcesBuildPhase section */
		7F657AB22D7AE7A0003E802B /* Sources */ = {
			isa = PBXSourcesBuildPhase;
			buildActionMask = 2147483647;
			files = (
			);
			runOnlyForDeploymentPostprocessing = 0;
		};
		7FBC8B352D7991B4007A6123 /* Sources */ = {
			isa = PBXSourcesBuildPhase;
			buildActionMask = 2147483647;
			files = (
			);
			runOnlyForDeploymentPostprocessing = 0;
		};
/* End PBXSourcesBuildPhase section */

/* Begin PBXTargetDependency section */
		7F657AC22D7AE7A1003E802B /* PBXTargetDependency */ = {
			isa = PBXTargetDependency;
			target = 7F657AB52D7AE7A0003E802B /* CarelyWatchOS Watch App */;
			targetProxy = 7F657AC12D7AE7A1003E802B /* PBXContainerItemProxy */;
		};
/* End PBXTargetDependency section */

/* Begin XCBuildConfiguration section */
		7F657AC52D7AE7A1003E802B /* Debug */ = {
			isa = XCBuildConfiguration;
			buildSettings = {
				ASSETCATALOG_COMPILER_APPICON_NAME = AppIcon;
				ASSETCATALOG_COMPILER_GLOBAL_ACCENT_COLOR_NAME = AccentColor;
				CODE_SIGN_STYLE = Automatic;
				CURRENT_PROJECT_VERSION = 1;
				DEVELOPMENT_ASSET_PATHS = "\"CarelyWatchOS Watch App/Preview Content\"";
				DEVELOPMENT_TEAM = 28MPBQ5XV2;
				ENABLE_PREVIEWS = YES;
				GENERATE_INFOPLIST_FILE = YES;
				INFOPLIST_KEY_CFBundleDisplayName = CarelyWatchOS;
				INFOPLIST_KEY_UISupportedInterfaceOrientations = "UIInterfaceOrientationPortrait UIInterfaceOrientationPortraitUpsideDown";
				INFOPLIST_KEY_WKCompanionAppBundleIdentifier = com.danielefontana.Carely;
				LD_RUNPATH_SEARCH_PATHS = (
					"$(inherited)",
					"@executable_path/Frameworks",
				);
				MARKETING_VERSION = 1.0;
				PRODUCT_BUNDLE_IDENTIFIER = com.danielefontana.Carely.watchkitapp;
				PRODUCT_NAME = "$(TARGET_NAME)";
				SDKROOT = watchos;
				SKIP_INSTALL = YES;
				SWIFT_EMIT_LOC_STRINGS = YES;
				SWIFT_VERSION = 5.0;
				TARGETED_DEVICE_FAMILY = 4;
				WATCHOS_DEPLOYMENT_TARGET = 11.2;
			};
			name = Debug;
		};
		7F657AC62D7AE7A1003E802B /* Release */ = {
			isa = XCBuildConfiguration;
			buildSettings = {
				ASSETCATALOG_COMPILER_APPICON_NAME = AppIcon;
				ASSETCATALOG_COMPILER_GLOBAL_ACCENT_COLOR_NAME = AccentColor;
				CODE_SIGN_STYLE = Automatic;
				CURRENT_PROJECT_VERSION = 1;
				DEVELOPMENT_ASSET_PATHS = "\"CarelyWatchOS Watch App/Preview Content\"";
				DEVELOPMENT_TEAM = 28MPBQ5XV2;
				ENABLE_PREVIEWS = YES;
				GENERATE_INFOPLIST_FILE = YES;
				INFOPLIST_KEY_CFBundleDisplayName = CarelyWatchOS;
				INFOPLIST_KEY_UISupportedInterfaceOrientations = "UIInterfaceOrientationPortrait UIInterfaceOrientationPortraitUpsideDown";
				INFOPLIST_KEY_WKCompanionAppBundleIdentifier = com.danielefontana.Carely;
				LD_RUNPATH_SEARCH_PATHS = (
					"$(inherited)",
					"@executable_path/Frameworks",
				);
				MARKETING_VERSION = 1.0;
				PRODUCT_BUNDLE_IDENTIFIER = com.danielefontana.Carely.watchkitapp;
				PRODUCT_NAME = "$(TARGET_NAME)";
				SDKROOT = watchos;
				SKIP_INSTALL = YES;
				SWIFT_EMIT_LOC_STRINGS = YES;
				SWIFT_VERSION = 5.0;
				TARGETED_DEVICE_FAMILY = 4;
				WATCHOS_DEPLOYMENT_TARGET = 11.2;
			};
			name = Release;
		};
		7FBC8B452D7991B5007A6123 /* Debug */ = {
			isa = XCBuildConfiguration;
			buildSettings = {
				ALWAYS_SEARCH_USER_PATHS = NO;
				ASSETCATALOG_COMPILER_GENERATE_SWIFT_ASSET_SYMBOL_EXTENSIONS = YES;
				CLANG_ANALYZER_NONNULL = YES;
				CLANG_ANALYZER_NUMBER_OBJECT_CONVERSION = YES_AGGRESSIVE;
				CLANG_CXX_LANGUAGE_STANDARD = "gnu++20";
				CLANG_ENABLE_MODULES = YES;
				CLANG_ENABLE_OBJC_ARC = YES;
				CLANG_ENABLE_OBJC_WEAK = YES;
				CLANG_WARN_BLOCK_CAPTURE_AUTORELEASING = YES;
				CLANG_WARN_BOOL_CONVERSION = YES;
				CLANG_WARN_COMMA = YES;
				CLANG_WARN_CONSTANT_CONVERSION = YES;
				CLANG_WARN_DEPRECATED_OBJC_IMPLEMENTATIONS = YES;
				CLANG_WARN_DIRECT_OBJC_ISA_USAGE = YES_ERROR;
				CLANG_WARN_DOCUMENTATION_COMMENTS = YES;
				CLANG_WARN_EMPTY_BODY = YES;
				CLANG_WARN_ENUM_CONVERSION = YES;
				CLANG_WARN_INFINITE_RECURSION = YES;
				CLANG_WARN_INT_CONVERSION = YES;
				CLANG_WARN_NON_LITERAL_NULL_CONVERSION = YES;
				CLANG_WARN_OBJC_IMPLICIT_RETAIN_SELF = YES;
				CLANG_WARN_OBJC_LITERAL_CONVERSION = YES;
				CLANG_WARN_OBJC_ROOT_CLASS = YES_ERROR;
				CLANG_WARN_QUOTED_INCLUDE_IN_FRAMEWORK_HEADER = YES;
				CLANG_WARN_RANGE_LOOP_ANALYSIS = YES;
				CLANG_WARN_STRICT_PROTOTYPES = YES;
				CLANG_WARN_SUSPICIOUS_MOVE = YES;
				CLANG_WARN_UNGUARDED_AVAILABILITY = YES_AGGRESSIVE;
				CLANG_WARN_UNREACHABLE_CODE = YES;
				CLANG_WARN__DUPLICATE_METHOD_MATCH = YES;
				COPY_PHASE_STRIP = NO;
				DEBUG_INFORMATION_FORMAT = dwarf;
				ENABLE_STRICT_OBJC_MSGSEND = YES;
				ENABLE_TESTABILITY = YES;
				ENABLE_USER_SCRIPT_SANDBOXING = YES;
				GCC_C_LANGUAGE_STANDARD = gnu17;
				GCC_DYNAMIC_NO_PIC = NO;
				GCC_NO_COMMON_BLOCKS = YES;
				GCC_OPTIMIZATION_LEVEL = 0;
				GCC_PREPROCESSOR_DEFINITIONS = (
					"DEBUG=1",
					"$(inherited)",
				);
				GCC_WARN_64_TO_32_BIT_CONVERSION = YES;
				GCC_WARN_ABOUT_RETURN_TYPE = YES_ERROR;
				GCC_WARN_UNDECLARED_SELECTOR = YES;
				GCC_WARN_UNINITIALIZED_AUTOS = YES_AGGRESSIVE;
				GCC_WARN_UNUSED_FUNCTION = YES;
				GCC_WARN_UNUSED_VARIABLE = YES;
				IPHONEOS_DEPLOYMENT_TARGET = 18.0;
				LOCALIZATION_PREFERS_STRING_CATALOGS = YES;
				MTL_ENABLE_DEBUG_INFO = INCLUDE_SOURCE;
				MTL_FAST_MATH = YES;
				ONLY_ACTIVE_ARCH = YES;
				SDKROOT = iphoneos;
				SWIFT_ACTIVE_COMPILATION_CONDITIONS = "DEBUG $(inherited)";
				SWIFT_OPTIMIZATION_LEVEL = "-Onone";
			};
			name = Debug;
		};
		7FBC8B462D7991B5007A6123 /* Release */ = {
			isa = XCBuildConfiguration;
			buildSettings = {
				ALWAYS_SEARCH_USER_PATHS = NO;
				ASSETCATALOG_COMPILER_GENERATE_SWIFT_ASSET_SYMBOL_EXTENSIONS = YES;
				CLANG_ANALYZER_NONNULL = YES;
				CLANG_ANALYZER_NUMBER_OBJECT_CONVERSION = YES_AGGRESSIVE;
				CLANG_CXX_LANGUAGE_STANDARD = "gnu++20";
				CLANG_ENABLE_MODULES = YES;
				CLANG_ENABLE_OBJC_ARC = YES;
				CLANG_ENABLE_OBJC_WEAK = YES;
				CLANG_WARN_BLOCK_CAPTURE_AUTORELEASING = YES;
				CLANG_WARN_BOOL_CONVERSION = YES;
				CLANG_WARN_COMMA = YES;
				CLANG_WARN_CONSTANT_CONVERSION = YES;
				CLANG_WARN_DEPRECATED_OBJC_IMPLEMENTATIONS = YES;
				CLANG_WARN_DIRECT_OBJC_ISA_USAGE = YES_ERROR;
				CLANG_WARN_DOCUMENTATION_COMMENTS = YES;
				CLANG_WARN_EMPTY_BODY = YES;
				CLANG_WARN_ENUM_CONVERSION = YES;
				CLANG_WARN_INFINITE_RECURSION = YES;
				CLANG_WARN_INT_CONVERSION = YES;
				CLANG_WARN_NON_LITERAL_NULL_CONVERSION = YES;
				CLANG_WARN_OBJC_IMPLICIT_RETAIN_SELF = YES;
				CLANG_WARN_OBJC_LITERAL_CONVERSION = YES;
				CLANG_WARN_OBJC_ROOT_CLASS = YES_ERROR;
				CLANG_WARN_QUOTED_INCLUDE_IN_FRAMEWORK_HEADER = YES;
				CLANG_WARN_RANGE_LOOP_ANALYSIS = YES;
				CLANG_WARN_STRICT_PROTOTYPES = YES;
				CLANG_WARN_SUSPICIOUS_MOVE = YES;
				CLANG_WARN_UNGUARDED_AVAILABILITY = YES_AGGRESSIVE;
				CLANG_WARN_UNREACHABLE_CODE = YES;
				CLANG_WARN__DUPLICATE_METHOD_MATCH = YES;
				COPY_PHASE_STRIP = NO;
				DEBUG_INFORMATION_FORMAT = "dwarf-with-dsym";
				ENABLE_NS_ASSERTIONS = NO;
				ENABLE_STRICT_OBJC_MSGSEND = YES;
				ENABLE_USER_SCRIPT_SANDBOXING = YES;
				GCC_C_LANGUAGE_STANDARD = gnu17;
				GCC_NO_COMMON_BLOCKS = YES;
				GCC_WARN_64_TO_32_BIT_CONVERSION = YES;
				GCC_WARN_ABOUT_RETURN_TYPE = YES_ERROR;
				GCC_WARN_UNDECLARED_SELECTOR = YES;
				GCC_WARN_UNINITIALIZED_AUTOS = YES_AGGRESSIVE;
				GCC_WARN_UNUSED_FUNCTION = YES;
				GCC_WARN_UNUSED_VARIABLE = YES;
				IPHONEOS_DEPLOYMENT_TARGET = 18.0;
				LOCALIZATION_PREFERS_STRING_CATALOGS = YES;
				MTL_ENABLE_DEBUG_INFO = NO;
				MTL_FAST_MATH = YES;
				ONLY_ACTIVE_ARCH = NO;
				SDKROOT = iphoneos;
				SWIFT_COMPILATION_MODE = wholemodule;
				VALIDATE_PRODUCT = YES;
			};
			name = Release;
		};
		7FBC8B482D7991B5007A6123 /* Debug */ = {
			isa = XCBuildConfiguration;
			buildSettings = {
				ASSETCATALOG_COMPILER_APPICON_NAME = AppIcon;
				ASSETCATALOG_COMPILER_GLOBAL_ACCENT_COLOR_NAME = AccentColor;
				CODE_SIGN_ENTITLEMENTS = Carely/Carely.entitlements;
				CODE_SIGN_STYLE = Automatic;
				CURRENT_PROJECT_VERSION = 1;
				DEVELOPMENT_ASSET_PATHS = "\"Carely/Preview Content\"";
				DEVELOPMENT_TEAM = 28MPBQ5XV2;
				ENABLE_PREVIEWS = YES;
				GENERATE_INFOPLIST_FILE = YES;
				INFOPLIST_FILE = Carely/Info.plist;
				INFOPLIST_KEY_UIApplicationSceneManifest_Generation = YES;
				INFOPLIST_KEY_UIApplicationSupportsIndirectInputEvents = YES;
				INFOPLIST_KEY_UILaunchScreen_Generation = YES;
				INFOPLIST_KEY_UISupportedInterfaceOrientations_iPad = "UIInterfaceOrientationPortrait UIInterfaceOrientationPortraitUpsideDown UIInterfaceOrientationLandscapeLeft UIInterfaceOrientationLandscapeRight";
				INFOPLIST_KEY_UISupportedInterfaceOrientations_iPhone = "UIInterfaceOrientationPortrait UIInterfaceOrientationLandscapeLeft UIInterfaceOrientationLandscapeRight";
				IPHONEOS_DEPLOYMENT_TARGET = 18.0;
				LD_RUNPATH_SEARCH_PATHS = (
					"$(inherited)",
					"@executable_path/Frameworks",
				);
				MARKETING_VERSION = 1.0;
				PRODUCT_BUNDLE_IDENTIFIER = com.danielefontana.Carely;
				PRODUCT_NAME = "$(TARGET_NAME)";
				SWIFT_EMIT_LOC_STRINGS = YES;
				SWIFT_VERSION = 5.0;
				TARGETED_DEVICE_FAMILY = "1,2";
			};
			name = Debug;
		};
		7FBC8B492D7991B5007A6123 /* Release */ = {
			isa = XCBuildConfiguration;
			buildSettings = {
				ASSETCATALOG_COMPILER_APPICON_NAME = AppIcon;
				ASSETCATALOG_COMPILER_GLOBAL_ACCENT_COLOR_NAME = AccentColor;
				CODE_SIGN_ENTITLEMENTS = Carely/Carely.entitlements;
				CODE_SIGN_STYLE = Automatic;
				CURRENT_PROJECT_VERSION = 1;
				DEVELOPMENT_ASSET_PATHS = "\"Carely/Preview Content\"";
				DEVELOPMENT_TEAM = 28MPBQ5XV2;
				ENABLE_PREVIEWS = YES;
				GENERATE_INFOPLIST_FILE = YES;
				INFOPLIST_FILE = Carely/Info.plist;
				INFOPLIST_KEY_UIApplicationSceneManifest_Generation = YES;
				INFOPLIST_KEY_UIApplicationSupportsIndirectInputEvents = YES;
				INFOPLIST_KEY_UILaunchScreen_Generation = YES;
				INFOPLIST_KEY_UISupportedInterfaceOrientations_iPad = "UIInterfaceOrientationPortrait UIInterfaceOrientationPortraitUpsideDown UIInterfaceOrientationLandscapeLeft UIInterfaceOrientationLandscapeRight";
				INFOPLIST_KEY_UISupportedInterfaceOrientations_iPhone = "UIInterfaceOrientationPortrait UIInterfaceOrientationLandscapeLeft UIInterfaceOrientationLandscapeRight";
				IPHONEOS_DEPLOYMENT_TARGET = 18.0;
				LD_RUNPATH_SEARCH_PATHS = (
					"$(inherited)",
					"@executable_path/Frameworks",
				);
				MARKETING_VERSION = 1.0;
				PRODUCT_BUNDLE_IDENTIFIER = com.danielefontana.Carely;
				PRODUCT_NAME = "$(TARGET_NAME)";
				SWIFT_EMIT_LOC_STRINGS = YES;
				SWIFT_VERSION = 5.0;
				TARGETED_DEVICE_FAMILY = "1,2";
			};
			name = Release;
		};
/* End XCBuildConfiguration section */

/* Begin XCConfigurationList section */
		7F657AC42D7AE7A1003E802B /* Build configuration list for PBXNativeTarget "CarelyWatchOS Watch App" */ = {
			isa = XCConfigurationList;
			buildConfigurations = (
				7F657AC52D7AE7A1003E802B /* Debug */,
				7F657AC62D7AE7A1003E802B /* Release */,
			);
			defaultConfigurationIsVisible = 0;
			defaultConfigurationName = Release;
		};
		7FBC8B342D7991B4007A6123 /* Build configuration list for PBXProject "Carely" */ = {
			isa = XCConfigurationList;
			buildConfigurations = (
				7FBC8B452D7991B5007A6123 /* Debug */,
				7FBC8B462D7991B5007A6123 /* Release */,
			);
			defaultConfigurationIsVisible = 0;
			defaultConfigurationName = Release;
		};
		7FBC8B472D7991B5007A6123 /* Build configuration list for PBXNativeTarget "Carely" */ = {
			isa = XCConfigurationList;
			buildConfigurations = (
				7FBC8B482D7991B5007A6123 /* Debug */,
				7FBC8B492D7991B5007A6123 /* Release */,
			);
			defaultConfigurationIsVisible = 0;
			defaultConfigurationName = Release;
		};
/* End XCConfigurationList section */

/* Begin XCRemoteSwiftPackageReference section */
		7FBC8B7B2D799AAE007A6123 /* XCRemoteSwiftPackageReference "firebase-ios-sdk" */ = {
			isa = XCRemoteSwiftPackageReference;
			repositoryURL = "https://github.com/firebase/firebase-ios-sdk";
			requirement = {
				kind = upToNextMajorVersion;
				minimumVersion = 11.9.0;
			};
		};
/* End XCRemoteSwiftPackageReference section */

/* Begin XCSwiftPackageProductDependency section */
		7FBC8B7C2D799AAE007A6123 /* FirebaseAnalytics */ = {
			isa = XCSwiftPackageProductDependency;
			package = 7FBC8B7B2D799AAE007A6123 /* XCRemoteSwiftPackageReference "firebase-ios-sdk" */;
			productName = FirebaseAnalytics;
		};
		7FBC8B7E2D799AAE007A6123 /* FirebaseAnalyticsOnDeviceConversion */ = {
			isa = XCSwiftPackageProductDependency;
			package = 7FBC8B7B2D799AAE007A6123 /* XCRemoteSwiftPackageReference "firebase-ios-sdk" */;
			productName = FirebaseAnalyticsOnDeviceConversion;
		};
		7FBC8B802D799AAE007A6123 /* FirebaseAnalyticsWithoutAdIdSupport */ = {
			isa = XCSwiftPackageProductDependency;
			package = 7FBC8B7B2D799AAE007A6123 /* XCRemoteSwiftPackageReference "firebase-ios-sdk" */;
			productName = FirebaseAnalyticsWithoutAdIdSupport;
		};
		7FBC8B822D799AAE007A6123 /* FirebaseAppCheck */ = {
			isa = XCSwiftPackageProductDependency;
			package = 7FBC8B7B2D799AAE007A6123 /* XCRemoteSwiftPackageReference "firebase-ios-sdk" */;
			productName = FirebaseAppCheck;
		};
		7FBC8B842D799AAE007A6123 /* FirebaseAppDistribution-Beta */ = {
			isa = XCSwiftPackageProductDependency;
			package = 7FBC8B7B2D799AAE007A6123 /* XCRemoteSwiftPackageReference "firebase-ios-sdk" */;
			productName = "FirebaseAppDistribution-Beta";
		};
		7FBC8B862D799D2B007A6123 /* FirebaseAuth */ = {
			isa = XCSwiftPackageProductDependency;
			package = 7FBC8B7B2D799AAE007A6123 /* XCRemoteSwiftPackageReference "firebase-ios-sdk" */;
			productName = FirebaseAuth;
		};
		7FBC8B882D799D2B007A6123 /* FirebaseAuthCombine-Community */ = {
			isa = XCSwiftPackageProductDependency;
			package = 7FBC8B7B2D799AAE007A6123 /* XCRemoteSwiftPackageReference "firebase-ios-sdk" */;
			productName = "FirebaseAuthCombine-Community";
		};
		7FBC8B8A2D799D2B007A6123 /* FirebaseDatabase */ = {
			isa = XCSwiftPackageProductDependency;
			package = 7FBC8B7B2D799AAE007A6123 /* XCRemoteSwiftPackageReference "firebase-ios-sdk" */;
			productName = FirebaseDatabase;
		};
/* End XCSwiftPackageProductDependency section */
	};
	rootObject = 7FBC8B312D7991B4007A6123 /* Project object */;
}
